
Microsoft Visual Studio Solution File, Format Version 12.00
# Visual Studio Version 17
VisualStudioVersion = 17.10.35122.118
MinimumVisualStudioVersion = 10.0.40219.1
Project("{2150E333-8FDC-42A3-9474-1A3956D46DE8}") = "src", "src", "{A9B07F85-2E2F-4E80-8721-792256102C82}"
EndProject
Project("{2150E333-8FDC-42A3-9474-1A3956D46DE8}") = "core", "core", "{45E0AC3F-39F2-46B9-9342-ADAA6CBBF94C}"
EndProject
Project("{FAE04EC0-301F-11D3-BF4B-00C04F79EFBC}") = "Application", "Application\Application.csproj", "{460DD795-74DA-4D1F-9AD2-092CE37BAB80}"
	ProjectSection(ProjectDependencies) = postProject
		{FC0559FA-DF44-40D1-A2FF-18955CF13680} = {FC0559FA-DF44-40D1-A2FF-18955CF13680}
	EndProjectSection
EndProject
Project("{FAE04EC0-301F-11D3-BF4B-00C04F79EFBC}") = "Domain", "Domain\Domain.csproj", "{FC0559FA-DF44-40D1-A2FF-18955CF13680}"
EndProject
Project("{2150E333-8FDC-42A3-9474-1A3956D46DE8}") = "Infraestructure", "Infraestructure", "{9DE33586-9F0D-4125-8E41-623D93B762AD}"
EndProject
Project("{FAE04EC0-301F-11D3-BF4B-00C04F79EFBC}") = "Persistence", "Persistence\Persistence.csproj", "{95C48FF9-74F9-4B6F-98E9-1CE18FAC0007}"
	ProjectSection(ProjectDependencies) = postProject
		{460DD795-74DA-4D1F-9AD2-092CE37BAB80} = {460DD795-74DA-4D1F-9AD2-092CE37BAB80}
		{FC0559FA-DF44-40D1-A2FF-18955CF13680} = {FC0559FA-DF44-40D1-A2FF-18955CF13680}
	EndProjectSection
EndProject
Project("{2150E333-8FDC-42A3-9474-1A3956D46DE8}") = "Presentation", "Presentation", "{C2B8AB33-ECC2-41F9-B1D7-75B7EFBF7520}"
EndProject
Project("{FAE04EC0-301F-11D3-BF4B-00C04F79EFBC}") = "WebAPI", "WebAPI\WebAPI.csproj", "{49E79FC9-273E-4B23-9C38-0B1EF22C0C15}"
	ProjectSection(ProjectDependencies) = postProject
		{460DD795-74DA-4D1F-9AD2-092CE37BAB80} = {460DD795-74DA-4D1F-9AD2-092CE37BAB80}
		{95C48FF9-74F9-4B6F-98E9-1CE18FAC0007} = {95C48FF9-74F9-4B6F-98E9-1CE18FAC0007}
		{FC0559FA-DF44-40D1-A2FF-18955CF13680} = {FC0559FA-DF44-40D1-A2FF-18955CF13680}
	EndProjectSection
EndProject
Global
	GlobalSection(SolutionConfigurationPlatforms) = preSolution
		Debug|Any CPU = Debug|Any CPU
		Release|Any CPU = Release|Any CPU
	EndGlobalSection
	GlobalSection(ProjectConfigurationPlatforms) = postSolution
		{460DD795-74DA-4D1F-9AD2-092CE37BAB80}.Debug|Any CPU.ActiveCfg = Debug|Any CPU
		{460DD795-74DA-4D1F-9AD2-092CE37BAB80}.Debug|Any CPU.Build.0 = Debug|Any CPU
		{460DD795-74DA-4D1F-9AD2-092CE37BAB80}.Release|Any CPU.ActiveCfg = Release|Any CPU
		{460DD795-74DA-4D1F-9AD2-092CE37BAB80}.Release|Any CPU.Build.0 = Release|Any CPU
		{FC0559FA-DF44-40D1-A2FF-18955CF13680}.Debug|Any CPU.ActiveCfg = Debug|Any CPU
		{FC0559FA-DF44-40D1-A2FF-18955CF13680}.Debug|Any CPU.Build.0 = Debug|Any CPU
		{FC0559FA-DF44-40D1-A2FF-18955CF13680}.Release|Any CPU.ActiveCfg = Release|Any CPU
		{FC0559FA-DF44-40D1-A2FF-18955CF13680}.Release|Any CPU.Build.0 = Release|Any CPU
		{95C48FF9-74F9-4B6F-98E9-1CE18FAC0007}.Debug|Any CPU.ActiveCfg = Debug|Any CPU
		{95C48FF9-74F9-4B6F-98E9-1CE18FAC0007}.Debug|Any CPU.Build.0 = Debug|Any CPU
		{95C48FF9-74F9-4B6F-98E9-1CE18FAC0007}.Release|Any CPU.ActiveCfg = Release|Any CPU
		{95C48FF9-74F9-4B6F-98E9-1CE18FAC0007}.Release|Any CPU.Build.0 = Release|Any CPU
		{49E79FC9-273E-4B23-9C38-0B1EF22C0C15}.Debug|Any CPU.ActiveCfg = Debug|Any CPU
		{49E79FC9-273E-4B23-9C38-0B1EF22C0C15}.Debug|Any CPU.Build.0 = Debug|Any CPU
		{49E79FC9-273E-4B23-9C38-0B1EF22C0C15}.Release|Any CPU.ActiveCfg = Release|Any CPU
		{49E79FC9-273E-4B23-9C38-0B1EF22C0C15}.Release|Any CPU.Build.0 = Release|Any CPU
	EndGlobalSection
	GlobalSection(SolutionProperties) = preSolution
		HideSolutionNode = FALSE
	EndGlobalSection
	GlobalSection(NestedProjects) = preSolution
		{45E0AC3F-39F2-46B9-9342-ADAA6CBBF94C} = {A9B07F85-2E2F-4E80-8721-792256102C82}
		{460DD795-74DA-4D1F-9AD2-092CE37BAB80} = {45E0AC3F-39F2-46B9-9342-ADAA6CBBF94C}
		{FC0559FA-DF44-40D1-A2FF-18955CF13680} = {45E0AC3F-39F2-46B9-9342-ADAA6CBBF94C}
		{9DE33586-9F0D-4125-8E41-623D93B762AD} = {A9B07F85-2E2F-4E80-8721-792256102C82}
		{95C48FF9-74F9-4B6F-98E9-1CE18FAC0007} = {9DE33586-9F0D-4125-8E41-623D93B762AD}
		{C2B8AB33-ECC2-41F9-B1D7-75B7EFBF7520} = {A9B07F85-2E2F-4E80-8721-792256102C82}
		{49E79FC9-273E-4B23-9C38-0B1EF22C0C15} = {C2B8AB33-ECC2-41F9-B1D7-75B7EFBF7520}
	EndGlobalSection
	GlobalSection(ExtensibilityGlobals) = postSolution
		SolutionGuid = {6658A8D6-6F2F-4DE3-BE04-5C27E6693D0D}
	EndGlobalSection
EndGlobal
